<?xml version="1.0" encoding="utf-8"?>
<Project ToolsVersion="4.0" xmlns="http://schemas.microsoft.com/developer/msbuild/2003">
  <ItemGroup>
    <Filter Include="CoreModules">
      <UniqueIdentifier>{93995380-89BD-4b04-88EB-625FBE52EBFB}</UniqueIdentifier>
      <Extensions>h;hh;hpp;hxx;hm;inl;inc;xsd</Extensions>
    </Filter>
    <Filter Include="Utils">
      <UniqueIdentifier>{4FC737F1-C7A5-4376-A066-2A32D752A2FF}</UniqueIdentifier>
      <Extensions>cpp;c;cc;cxx;def;odl;idl;hpj;bat;asm;asmx</Extensions>
    </Filter>
    <Filter Include="Main">
      <UniqueIdentifier>{7d9b2eca-d63c-4a07-a35c-0e371ae4ae68}</UniqueIdentifier>
    </Filter>
    <Filter Include="Geometry Load">
      <UniqueIdentifier>{b4807aa3-3c2e-4f9d-8335-b45f2ea7cbfd}</UniqueIdentifier>
    </Filter>
    <Filter Include="Primitives">
      <UniqueIdentifier>{11d6e440-4f89-4439-a8f7-0812b2b95c1c}</UniqueIdentifier>
    </Filter>
    <Filter Include="GameObject and Components">
      <UniqueIdentifier>{145fcb29-496e-49bd-8c38-7e67bddb3677}</UniqueIdentifier>
    </Filter>
  </ItemGroup>
  <ItemGroup>
    <ClInclude Include="Test.h">
      <Filter>Utils</Filter>
    </ClInclude>
    <ClInclude Include="Module.h">
      <Filter>CoreModules</Filter>
    </ClInclude>
    <ClInclude Include="ModuleInput.h">
      <Filter>CoreModules</Filter>
    </ClInclude>
    <ClInclude Include="ModuleRender.h">
      <Filter>CoreModules</Filter>
    </ClInclude>
    <ClInclude Include="ModuleTextures.h">
      <Filter>CoreModules</Filter>
    </ClInclude>
    <ClInclude Include="ModuleWindow.h">
      <Filter>CoreModules</Filter>
    </ClInclude>
    <ClInclude Include="Application.h">
      <Filter>Main</Filter>
    </ClInclude>
    <ClInclude Include="MemLeaks.h">
      <Filter>Utils</Filter>
    </ClInclude>
    <ClInclude Include="Point.h">
      <Filter>Utils</Filter>
    </ClInclude>
    <ClInclude Include="TimerMicros.h">
      <Filter>Utils</Filter>
    </ClInclude>
    <ClInclude Include="TimerMillis.h">
      <Filter>Utils</Filter>
    </ClInclude>
    <ClInclude Include="libraries\parson\parson.h">
      <Filter>Utils</Filter>
    </ClInclude>
    <ClInclude Include="ModuleAudio.h">
      <Filter>CoreModules</Filter>
    </ClInclude>
    <ClInclude Include="Globals.h">
      <Filter>Main</Filter>
    </ClInclude>
    <ClInclude Include="Config.h">
      <Filter>Utils</Filter>
    </ClInclude>
    <ClInclude Include="ModuleEditorCamera.h">
      <Filter>CoreModules</Filter>
    </ClInclude>
    <ClInclude Include="Model.h">
      <Filter>Geometry Load</Filter>
    </ClInclude>
    <ClInclude Include="Cube.h">
      <Filter>Primitives</Filter>
    </ClInclude>
    <ClInclude Include="Grid.h">
      <Filter>Primitives</Filter>
    </ClInclude>
    <ClInclude Include="Gizmo.h">
      <Filter>Primitives</Filter>
    </ClInclude>
    <ClInclude Include="TextureManager.h">
      <Filter>Geometry Load</Filter>
    </ClInclude>
    <ClInclude Include="SpherePrimitive.h">
      <Filter>Primitives</Filter>
    </ClInclude>
    <ClInclude Include="Component.h">
      <Filter>GameObject and Components</Filter>
    </ClInclude>
    <ClInclude Include="ComponentTransform.h">
      <Filter>GameObject and Components</Filter>
    </ClInclude>
    <ClInclude Include="ComponentLoadedMesh.h">
      <Filter>GameObject and Components</Filter>
    </ClInclude>
    <ClInclude Include="ComponentCubeMesh.h">
      <Filter>GameObject and Components</Filter>
    </ClInclude>
    <ClInclude Include="GameObject.h">
      <Filter>GameObject and Components</Filter>
    </ClInclude>
    <ClInclude Include="ComponentGridMesh.h">
      <Filter>GameObject and Components</Filter>
    </ClInclude>
    <ClInclude Include="ComponentGizmoMesh.h">
      <Filter>GameObject and Components</Filter>
    </ClInclude>
    <ClInclude Include="ComponentSphereMesh.h">
      <Filter>GameObject and Components</Filter>
    </ClInclude>
    <ClInclude Include="Importer.h">
      <Filter>Geometry Load</Filter>
    </ClInclude>
    <ClInclude Include="ComponentMaterial.h">
      <Filter>GameObject and Components</Filter>
    </ClInclude>
    <ClInclude Include="ModuleScene.h">
      <Filter>CoreModules</Filter>
    </ClInclude>
    <ClInclude Include="ComponentTexture.h">
      <Filter>GameObject and Components</Filter>
    </ClInclude>
    <ClInclude Include="ComponentLight.h">
      <Filter>GameObject and Components</Filter>
    </ClInclude>
    <ClInclude Include="ComponentAmbientLight.h">
      <Filter>GameObject and Components</Filter>
    </ClInclude>
    <ClInclude Include="ModuleEditorGUI.h">
      <Filter>CoreModules</Filter>
    </ClInclude>
    <ClInclude Include="libraries\ImGui\imconfig.h">
      <Filter>Utils</Filter>
    </ClInclude>
    <ClInclude Include="libraries\ImGui\imgui.h">
      <Filter>Utils</Filter>
    </ClInclude>
    <ClInclude Include="libraries\ImGui\imgui_impl_sdl_gl3.h">
      <Filter>Utils</Filter>
    </ClInclude>
    <ClInclude Include="libraries\ImGui\imgui_internal.h">
      <Filter>Utils</Filter>
    </ClInclude>
    <ClInclude Include="libraries\ImGui\stb_rect_pack.h">
      <Filter>Utils</Filter>
    </ClInclude>
    <ClInclude Include="libraries\ImGui\stb_textedit.h">
      <Filter>Utils</Filter>
    </ClInclude>
    <ClInclude Include="libraries\ImGui\stb_truetype.h">
      <Filter>Utils</Filter>
    </ClInclude>
  </ItemGroup>
  <ItemGroup>
    <ClCompile Include="ModuleAudio.cpp">
      <Filter>CoreModules</Filter>
    </ClCompile>
    <ClCompile Include="ModuleInput.cpp">
      <Filter>CoreModules</Filter>
    </ClCompile>
    <ClCompile Include="ModuleRender.cpp">
      <Filter>CoreModules</Filter>
    </ClCompile>
    <ClCompile Include="ModuleTextures.cpp">
      <Filter>CoreModules</Filter>
    </ClCompile>
    <ClCompile Include="ModuleWindow.cpp">
      <Filter>CoreModules</Filter>
    </ClCompile>
    <ClCompile Include="Application.cpp">
      <Filter>Main</Filter>
    </ClCompile>
    <ClCompile Include="Main.cpp">
      <Filter>Main</Filter>
    </ClCompile>
    <ClCompile Include="Log.cpp">
      <Filter>Utils</Filter>
    </ClCompile>
    <ClCompile Include="TimerMicros.cpp">
      <Filter>Utils</Filter>
    </ClCompile>
    <ClCompile Include="TimerMillis.cpp">
      <Filter>Utils</Filter>
    </ClCompile>
    <ClCompile Include="libraries\parson\parson.c">
      <Filter>Utils</Filter>
    </ClCompile>
    <ClCompile Include="Config.cpp">
      <Filter>Utils</Filter>
    </ClCompile>
    <ClCompile Include="ModuleEditorCamera.cpp">
      <Filter>CoreModules</Filter>
    </ClCompile>
    <ClCompile Include="Model.cpp">
      <Filter>Geometry Load</Filter>
    </ClCompile>
    <ClCompile Include="Cube.cpp">
      <Filter>Primitives</Filter>
    </ClCompile>
    <ClCompile Include="Grid.cpp">
      <Filter>Primitives</Filter>
    </ClCompile>
    <ClCompile Include="Gizmo.cpp">
      <Filter>Primitives</Filter>
    </ClCompile>
    <ClCompile Include="TextureManager.cpp">
      <Filter>Geometry Load</Filter>
    </ClCompile>
    <ClCompile Include="SpherePrimitive.cpp">
      <Filter>Primitives</Filter>
    </ClCompile>
    <ClCompile Include="Component.cpp">
      <Filter>GameObject and Components</Filter>
    </ClCompile>
    <ClCompile Include="ComponentTransform.cpp">
      <Filter>GameObject and Components</Filter>
    </ClCompile>
    <ClCompile Include="ComponentLoadedMesh.cpp">
      <Filter>GameObject and Components</Filter>
    </ClCompile>
    <ClCompile Include="ComponentCubeMesh.cpp">
      <Filter>GameObject and Components</Filter>
    </ClCompile>
    <ClCompile Include="GameObject.cpp">
      <Filter>GameObject and Components</Filter>
    </ClCompile>
    <ClCompile Include="ComponentGridMesh.cpp">
      <Filter>GameObject and Components</Filter>
    </ClCompile>
    <ClCompile Include="ComponentGizmoMesh.cpp">
      <Filter>GameObject and Components</Filter>
    </ClCompile>
    <ClCompile Include="ComponentSphereMesh.cpp">
      <Filter>GameObject and Components</Filter>
    </ClCompile>
    <ClCompile Include="Importer.cpp">
      <Filter>Geometry Load</Filter>
    </ClCompile>
    <ClCompile Include="ComponentMaterial.cpp">
      <Filter>GameObject and Components</Filter>
    </ClCompile>
    <ClCompile Include="ModuleScene.cpp">
      <Filter>CoreModules</Filter>
    </ClCompile>
    <ClCompile Include="ComponentTexture.cpp">
      <Filter>GameObject and Components</Filter>
    </ClCompile>
    <ClCompile Include="ComponentLight.cpp">
      <Filter>GameObject and Components</Filter>
    </ClCompile>
    <ClCompile Include="ComponentAmbientLight.cpp">
      <Filter>GameObject and Components</Filter>
    </ClCompile>
    <ClCompile Include="ModuleEditorGUI.cpp">
      <Filter>CoreModules</Filter>
    </ClCompile>
    <ClCompile Include="libraries\ImGui\imgui.cpp">
      <Filter>Utils</Filter>
    </ClCompile>
    <ClCompile Include="libraries\ImGui\imgui_demo.cpp">
      <Filter>Utils</Filter>
    </ClCompile>
    <ClCompile Include="libraries\ImGui\imgui_draw.cpp">
      <Filter>Utils</Filter>
    </ClCompile>
    <ClCompile Include="libraries\ImGui\imgui_impl_sdl_gl3.cpp">
      <Filter>Utils</Filter>
    </ClCompile>
  </ItemGroup>
</Project>