<?xml version="1.0" encoding="utf-8"?>
<Project ToolsVersion="4.0" xmlns="http://schemas.microsoft.com/developer/msbuild/2003">
  <ItemGroup>
    <Filter Include="CoreModules">
      <UniqueIdentifier>{93995380-89BD-4b04-88EB-625FBE52EBFB}</UniqueIdentifier>
      <Extensions>h;hh;hpp;hxx;hm;inl;inc;xsd</Extensions>
    </Filter>
    <Filter Include="Utils">
      <UniqueIdentifier>{4FC737F1-C7A5-4376-A066-2A32D752A2FF}</UniqueIdentifier>
      <Extensions>cpp;c;cc;cxx;def;odl;idl;hpj;bat;asm;asmx</Extensions>
    </Filter>
    <Filter Include="Main">
      <UniqueIdentifier>{7d9b2eca-d63c-4a07-a35c-0e371ae4ae68}</UniqueIdentifier>
    </Filter>
    <Filter Include="MathGeoLib">
      <UniqueIdentifier>{269500d0-4f64-4094-8a13-f06f7fa47ebc}</UniqueIdentifier>
    </Filter>
  </ItemGroup>
  <ItemGroup>
    <ClInclude Include="Test.h">
      <Filter>Utils</Filter>
    </ClInclude>
    <ClInclude Include="Module.h">
      <Filter>CoreModules</Filter>
    </ClInclude>
    <ClInclude Include="ModuleInput.h">
      <Filter>CoreModules</Filter>
    </ClInclude>
    <ClInclude Include="ModuleRender.h">
      <Filter>CoreModules</Filter>
    </ClInclude>
    <ClInclude Include="ModuleTextures.h">
      <Filter>CoreModules</Filter>
    </ClInclude>
    <ClInclude Include="ModuleWindow.h">
      <Filter>CoreModules</Filter>
    </ClInclude>
    <ClInclude Include="Application.h">
      <Filter>Main</Filter>
    </ClInclude>
    <ClInclude Include="MemLeaks.h">
      <Filter>Utils</Filter>
    </ClInclude>
    <ClInclude Include="Point.h">
      <Filter>Utils</Filter>
    </ClInclude>
    <ClInclude Include="TimerMicros.h">
      <Filter>Utils</Filter>
    </ClInclude>
    <ClInclude Include="TimerMillis.h">
      <Filter>Utils</Filter>
    </ClInclude>
    <ClInclude Include="libraries\parson\parson.h">
      <Filter>Utils</Filter>
    </ClInclude>
    <ClInclude Include="ModuleAudio.h">
      <Filter>CoreModules</Filter>
    </ClInclude>
    <ClInclude Include="Globals.h">
      <Filter>Main</Filter>
    </ClInclude>
    <ClInclude Include="Config.h">
      <Filter>Utils</Filter>
    </ClInclude>
    <ClInclude Include="ModuleEditorCamera.h">
      <Filter>CoreModules</Filter>
    </ClInclude>
    <ClInclude Include="libraries\MathGeoLib\MathGeoLib.h">
      <Filter>MathGeoLib</Filter>
    </ClInclude>
    <ClInclude Include="libraries\MathGeoLib\Geometry\AABB.h">
      <Filter>MathGeoLib</Filter>
    </ClInclude>
    <ClInclude Include="libraries\MathGeoLib\Geometry\AABB2D.h">
      <Filter>MathGeoLib</Filter>
    </ClInclude>
    <ClInclude Include="libraries\MathGeoLib\Geometry\Capsule.h">
      <Filter>MathGeoLib</Filter>
    </ClInclude>
    <ClInclude Include="libraries\MathGeoLib\Geometry\Circle.h">
      <Filter>MathGeoLib</Filter>
    </ClInclude>
    <ClInclude Include="libraries\MathGeoLib\Geometry\Frustum.h">
      <Filter>MathGeoLib</Filter>
    </ClInclude>
    <ClInclude Include="libraries\MathGeoLib\Geometry\GeometryAll.h">
      <Filter>MathGeoLib</Filter>
    </ClInclude>
    <ClInclude Include="libraries\MathGeoLib\Geometry\GeomType.h">
      <Filter>MathGeoLib</Filter>
    </ClInclude>
    <ClInclude Include="libraries\MathGeoLib\Geometry\HitInfo.h">
      <Filter>MathGeoLib</Filter>
    </ClInclude>
    <ClInclude Include="libraries\MathGeoLib\Geometry\KDTree.h">
      <Filter>MathGeoLib</Filter>
    </ClInclude>
    <ClInclude Include="libraries\MathGeoLib\Geometry\Line.h">
      <Filter>MathGeoLib</Filter>
    </ClInclude>
    <ClInclude Include="libraries\MathGeoLib\Geometry\LineSegment.h">
      <Filter>MathGeoLib</Filter>
    </ClInclude>
    <ClInclude Include="libraries\MathGeoLib\Geometry\OBB.h">
      <Filter>MathGeoLib</Filter>
    </ClInclude>
    <ClInclude Include="libraries\MathGeoLib\Geometry\PBVolume.h">
      <Filter>MathGeoLib</Filter>
    </ClInclude>
    <ClInclude Include="libraries\MathGeoLib\Geometry\Plane.h">
      <Filter>MathGeoLib</Filter>
    </ClInclude>
    <ClInclude Include="libraries\MathGeoLib\Geometry\Polygon.h">
      <Filter>MathGeoLib</Filter>
    </ClInclude>
    <ClInclude Include="libraries\MathGeoLib\Geometry\Polyhedron.h">
      <Filter>MathGeoLib</Filter>
    </ClInclude>
    <ClInclude Include="libraries\MathGeoLib\Geometry\QuadTree.h">
      <Filter>MathGeoLib</Filter>
    </ClInclude>
    <ClInclude Include="libraries\MathGeoLib\Geometry\Ray.h">
      <Filter>MathGeoLib</Filter>
    </ClInclude>
    <ClInclude Include="libraries\MathGeoLib\Geometry\Sphere.h">
      <Filter>MathGeoLib</Filter>
    </ClInclude>
    <ClInclude Include="libraries\MathGeoLib\Geometry\Triangle.h">
      <Filter>MathGeoLib</Filter>
    </ClInclude>
    <ClInclude Include="libraries\MathGeoLib\Geometry\TriangleMesh.h">
      <Filter>MathGeoLib</Filter>
    </ClInclude>
    <ClInclude Include="libraries\MathGeoLib\Math\assume.h">
      <Filter>MathGeoLib</Filter>
    </ClInclude>
    <ClInclude Include="libraries\MathGeoLib\Math\BitOps.h">
      <Filter>MathGeoLib</Filter>
    </ClInclude>
    <ClInclude Include="libraries\MathGeoLib\Math\Callstack.h">
      <Filter>MathGeoLib</Filter>
    </ClInclude>
    <ClInclude Include="libraries\MathGeoLib\Math\FixedPoint.h">
      <Filter>MathGeoLib</Filter>
    </ClInclude>
    <ClInclude Include="libraries\MathGeoLib\Math\float2.h">
      <Filter>MathGeoLib</Filter>
    </ClInclude>
    <ClInclude Include="libraries\MathGeoLib\Math\float3.h">
      <Filter>MathGeoLib</Filter>
    </ClInclude>
    <ClInclude Include="libraries\MathGeoLib\Math\float3x3.h">
      <Filter>MathGeoLib</Filter>
    </ClInclude>
    <ClInclude Include="libraries\MathGeoLib\Math\float3x4.h">
      <Filter>MathGeoLib</Filter>
    </ClInclude>
    <ClInclude Include="libraries\MathGeoLib\Math\float4.h">
      <Filter>MathGeoLib</Filter>
    </ClInclude>
    <ClInclude Include="libraries\MathGeoLib\Math\float4_neon.h">
      <Filter>MathGeoLib</Filter>
    </ClInclude>
    <ClInclude Include="libraries\MathGeoLib\Math\float4_sse.h">
      <Filter>MathGeoLib</Filter>
    </ClInclude>
    <ClInclude Include="libraries\MathGeoLib\Math\float4d.h">
      <Filter>MathGeoLib</Filter>
    </ClInclude>
    <ClInclude Include="libraries\MathGeoLib\Math\float4x4.h">
      <Filter>MathGeoLib</Filter>
    </ClInclude>
    <ClInclude Include="libraries\MathGeoLib\Math\float4x4_neon.h">
      <Filter>MathGeoLib</Filter>
    </ClInclude>
    <ClInclude Include="libraries\MathGeoLib\Math\float4x4_sse.h">
      <Filter>MathGeoLib</Filter>
    </ClInclude>
    <ClInclude Include="libraries\MathGeoLib\Math\FloatCmp.h">
      <Filter>MathGeoLib</Filter>
    </ClInclude>
    <ClInclude Include="libraries\MathGeoLib\Math\grisu3.h">
      <Filter>MathGeoLib</Filter>
    </ClInclude>
    <ClInclude Include="libraries\MathGeoLib\Math\InclWindows.h">
      <Filter>MathGeoLib</Filter>
    </ClInclude>
    <ClInclude Include="libraries\MathGeoLib\Math\MathAll.h">
      <Filter>MathGeoLib</Filter>
    </ClInclude>
    <ClInclude Include="libraries\MathGeoLib\Math\MathConstants.h">
      <Filter>MathGeoLib</Filter>
    </ClInclude>
    <ClInclude Include="libraries\MathGeoLib\Math\MathFunc.h">
      <Filter>MathGeoLib</Filter>
    </ClInclude>
    <ClInclude Include="libraries\MathGeoLib\Math\MathLog.h">
      <Filter>MathGeoLib</Filter>
    </ClInclude>
    <ClInclude Include="libraries\MathGeoLib\Math\MathNamespace.h">
      <Filter>MathGeoLib</Filter>
    </ClInclude>
    <ClInclude Include="libraries\MathGeoLib\Math\MathTypes.h">
      <Filter>MathGeoLib</Filter>
    </ClInclude>
    <ClInclude Include="libraries\MathGeoLib\Math\MatrixProxy.h">
      <Filter>MathGeoLib</Filter>
    </ClInclude>
    <ClInclude Include="libraries\MathGeoLib\Math\myassert.h">
      <Filter>MathGeoLib</Filter>
    </ClInclude>
    <ClInclude Include="libraries\MathGeoLib\Math\Polynomial.h">
      <Filter>MathGeoLib</Filter>
    </ClInclude>
    <ClInclude Include="libraries\MathGeoLib\Math\Quat.h">
      <Filter>MathGeoLib</Filter>
    </ClInclude>
    <ClInclude Include="libraries\MathGeoLib\Math\quat_simd.h">
      <Filter>MathGeoLib</Filter>
    </ClInclude>
    <ClInclude Include="libraries\MathGeoLib\Math\Rect.h">
      <Filter>MathGeoLib</Filter>
    </ClInclude>
    <ClInclude Include="libraries\MathGeoLib\Math\Reinterpret.h">
      <Filter>MathGeoLib</Filter>
    </ClInclude>
    <ClInclude Include="libraries\MathGeoLib\Math\simd.h">
      <Filter>MathGeoLib</Filter>
    </ClInclude>
    <ClInclude Include="libraries\MathGeoLib\Math\sse_mathfun.h">
      <Filter>MathGeoLib</Filter>
    </ClInclude>
    <ClInclude Include="libraries\MathGeoLib\Math\SSEMath.h">
      <Filter>MathGeoLib</Filter>
    </ClInclude>
    <ClInclude Include="libraries\MathGeoLib\Math\TransformOps.h">
      <Filter>MathGeoLib</Filter>
    </ClInclude>
  </ItemGroup>
  <ItemGroup>
    <ClCompile Include="ModuleAudio.cpp">
      <Filter>CoreModules</Filter>
    </ClCompile>
    <ClCompile Include="ModuleInput.cpp">
      <Filter>CoreModules</Filter>
    </ClCompile>
    <ClCompile Include="ModuleRender.cpp">
      <Filter>CoreModules</Filter>
    </ClCompile>
    <ClCompile Include="ModuleTextures.cpp">
      <Filter>CoreModules</Filter>
    </ClCompile>
    <ClCompile Include="ModuleWindow.cpp">
      <Filter>CoreModules</Filter>
    </ClCompile>
    <ClCompile Include="Application.cpp">
      <Filter>Main</Filter>
    </ClCompile>
    <ClCompile Include="Main.cpp">
      <Filter>Main</Filter>
    </ClCompile>
    <ClCompile Include="Log.cpp">
      <Filter>Utils</Filter>
    </ClCompile>
    <ClCompile Include="TimerMicros.cpp">
      <Filter>Utils</Filter>
    </ClCompile>
    <ClCompile Include="TimerMillis.cpp">
      <Filter>Utils</Filter>
    </ClCompile>
    <ClCompile Include="libraries\parson\parson.c">
      <Filter>Utils</Filter>
    </ClCompile>
    <ClCompile Include="Config.cpp">
      <Filter>Utils</Filter>
    </ClCompile>
    <ClCompile Include="ModuleEditorCamera.cpp">
      <Filter>CoreModules</Filter>
    </ClCompile>
    <ClCompile Include="libraries\MathGeoLib\Geometry\AABB.cpp">
      <Filter>MathGeoLib</Filter>
    </ClCompile>
    <ClCompile Include="libraries\MathGeoLib\Geometry\Capsule.cpp">
      <Filter>MathGeoLib</Filter>
    </ClCompile>
    <ClCompile Include="libraries\MathGeoLib\Geometry\Circle.cpp">
      <Filter>MathGeoLib</Filter>
    </ClCompile>
    <ClCompile Include="libraries\MathGeoLib\Geometry\Frustum.cpp">
      <Filter>MathGeoLib</Filter>
    </ClCompile>
    <ClCompile Include="libraries\MathGeoLib\Geometry\Line.cpp">
      <Filter>MathGeoLib</Filter>
    </ClCompile>
    <ClCompile Include="libraries\MathGeoLib\Geometry\LineSegment.cpp">
      <Filter>MathGeoLib</Filter>
    </ClCompile>
    <ClCompile Include="libraries\MathGeoLib\Geometry\OBB.cpp">
      <Filter>MathGeoLib</Filter>
    </ClCompile>
    <ClCompile Include="libraries\MathGeoLib\Geometry\PBVolume.cpp">
      <Filter>MathGeoLib</Filter>
    </ClCompile>
    <ClCompile Include="libraries\MathGeoLib\Geometry\Plane.cpp">
      <Filter>MathGeoLib</Filter>
    </ClCompile>
    <ClCompile Include="libraries\MathGeoLib\Geometry\Polygon.cpp">
      <Filter>MathGeoLib</Filter>
    </ClCompile>
    <ClCompile Include="libraries\MathGeoLib\Geometry\Polyhedron.cpp">
      <Filter>MathGeoLib</Filter>
    </ClCompile>
    <ClCompile Include="libraries\MathGeoLib\Geometry\Ray.cpp">
      <Filter>MathGeoLib</Filter>
    </ClCompile>
    <ClCompile Include="libraries\MathGeoLib\Geometry\Sphere.cpp">
      <Filter>MathGeoLib</Filter>
    </ClCompile>
    <ClCompile Include="libraries\MathGeoLib\Geometry\Triangle.cpp">
      <Filter>MathGeoLib</Filter>
    </ClCompile>
    <ClCompile Include="libraries\MathGeoLib\Geometry\TriangleMesh.cpp">
      <Filter>MathGeoLib</Filter>
    </ClCompile>
    <ClCompile Include="libraries\MathGeoLib\Math\BitOps.cpp">
      <Filter>MathGeoLib</Filter>
    </ClCompile>
    <ClCompile Include="libraries\MathGeoLib\Math\Callstack.cpp">
      <Filter>MathGeoLib</Filter>
    </ClCompile>
    <ClCompile Include="libraries\MathGeoLib\Math\float2.cpp">
      <Filter>MathGeoLib</Filter>
    </ClCompile>
    <ClCompile Include="libraries\MathGeoLib\Math\float3.cpp">
      <Filter>MathGeoLib</Filter>
    </ClCompile>
    <ClCompile Include="libraries\MathGeoLib\Math\float3x3.cpp">
      <Filter>MathGeoLib</Filter>
    </ClCompile>
    <ClCompile Include="libraries\MathGeoLib\Math\float3x4.cpp">
      <Filter>MathGeoLib</Filter>
    </ClCompile>
    <ClCompile Include="libraries\MathGeoLib\Math\float4.cpp">
      <Filter>MathGeoLib</Filter>
    </ClCompile>
    <ClCompile Include="libraries\MathGeoLib\Math\float4d.cpp">
      <Filter>MathGeoLib</Filter>
    </ClCompile>
    <ClCompile Include="libraries\MathGeoLib\Math\float4x4.cpp">
      <Filter>MathGeoLib</Filter>
    </ClCompile>
    <ClCompile Include="libraries\MathGeoLib\Math\grisu3.c">
      <Filter>MathGeoLib</Filter>
    </ClCompile>
    <ClCompile Include="libraries\MathGeoLib\Math\grisu3_cpp.cpp">
      <Filter>MathGeoLib</Filter>
    </ClCompile>
    <ClCompile Include="libraries\MathGeoLib\Math\MathFunc.cpp">
      <Filter>MathGeoLib</Filter>
    </ClCompile>
    <ClCompile Include="libraries\MathGeoLib\Math\MathLog.cpp">
      <Filter>MathGeoLib</Filter>
    </ClCompile>
    <ClCompile Include="libraries\MathGeoLib\Math\MathOps.cpp">
      <Filter>MathGeoLib</Filter>
    </ClCompile>
    <ClCompile Include="libraries\MathGeoLib\Math\Polynomial.cpp">
      <Filter>MathGeoLib</Filter>
    </ClCompile>
    <ClCompile Include="libraries\MathGeoLib\Math\Quat.cpp">
      <Filter>MathGeoLib</Filter>
    </ClCompile>
    <ClCompile Include="libraries\MathGeoLib\Math\SSEMath.cpp">
      <Filter>MathGeoLib</Filter>
    </ClCompile>
    <ClCompile Include="libraries\MathGeoLib\Math\TransformOps.cpp">
      <Filter>MathGeoLib</Filter>
    </ClCompile>
  </ItemGroup>
  <ItemGroup>
    <None Include="libraries\MathGeoLib\Geometry\KDTree.inl">
      <Filter>MathGeoLib</Filter>
    </None>
    <None Include="libraries\MathGeoLib\Geometry\QuadTree.inl">
      <Filter>MathGeoLib</Filter>
    </None>
    <None Include="libraries\MathGeoLib\Math\float2.inl">
      <Filter>MathGeoLib</Filter>
    </None>
    <None Include="libraries\MathGeoLib\Math\Matrix.inl">
      <Filter>MathGeoLib</Filter>
    </None>
  </ItemGroup>
</Project>